
Microsoft Visual Studio Solution File, Format Version 12.00
# Visual Studio 15
VisualStudioVersion = 15.0.26124.0
MinimumVisualStudioVersion = 15.0.26124.0
Project("{2150E333-8FDC-42A3-9474-1A3956D46DE8}") = "src", "src", "{CD6E618C-F607-4276-9C66-EE98BEBEA89D}"
EndProject
Project("{FAE04EC0-301F-11D3-BF4B-00C04F79EFBC}") = "Paket.SDK", "src\Paket.SDK\Paket.SDK.csproj", "{61BE3435-C297-494B-8CB6-F6C3DE075D26}"
EndProject
Project("{2150E333-8FDC-42A3-9474-1A3956D46DE8}") = "test", "test", "{013EF066-0B12-425F-86FB-AE1BE67ADE1D}"
EndProject
Project("{F2A71F9B-5D33-465A-A702-920D77279786}") = "TestApp", "test\TestApp\TestApp.fsproj", "{2E02C3DA-9868-4424-837A-882A5C1BE2D5}"
EndProject
Project("{2150E333-8FDC-42A3-9474-1A3956D46DE8}") = "Solution Items", "Solution Items", "{FC6923CD-0BEA-44B9-B06F-E2E101FE097C}"
ProjectSection(SolutionItems) = preProject
	README.MD = README.MD
	test.cmd = test.cmd
EndProjectSection
EndProject
Global
	GlobalSection(SolutionConfigurationPlatforms) = preSolution
		Debug|Any CPU = Debug|Any CPU
		Debug|x64 = Debug|x64
		Debug|x86 = Debug|x86
		Release|Any CPU = Release|Any CPU
		Release|x64 = Release|x64
		Release|x86 = Release|x86
	EndGlobalSection
	GlobalSection(SolutionProperties) = preSolution
		HideSolutionNode = FALSE
	EndGlobalSection
	GlobalSection(ProjectConfigurationPlatforms) = postSolution
		{61BE3435-C297-494B-8CB6-F6C3DE075D26}.Debug|Any CPU.ActiveCfg = Debug|Any CPU
		{61BE3435-C297-494B-8CB6-F6C3DE075D26}.Debug|Any CPU.Build.0 = Debug|Any CPU
		{61BE3435-C297-494B-8CB6-F6C3DE075D26}.Debug|x64.ActiveCfg = Debug|Any CPU
		{61BE3435-C297-494B-8CB6-F6C3DE075D26}.Debug|x64.Build.0 = Debug|Any CPU
		{61BE3435-C297-494B-8CB6-F6C3DE075D26}.Debug|x86.ActiveCfg = Debug|Any CPU
		{61BE3435-C297-494B-8CB6-F6C3DE075D26}.Debug|x86.Build.0 = Debug|Any CPU
		{61BE3435-C297-494B-8CB6-F6C3DE075D26}.Release|Any CPU.ActiveCfg = Release|Any CPU
		{61BE3435-C297-494B-8CB6-F6C3DE075D26}.Release|Any CPU.Build.0 = Release|Any CPU
		{61BE3435-C297-494B-8CB6-F6C3DE075D26}.Release|x64.ActiveCfg = Release|Any CPU
		{61BE3435-C297-494B-8CB6-F6C3DE075D26}.Release|x64.Build.0 = Release|Any CPU
		{61BE3435-C297-494B-8CB6-F6C3DE075D26}.Release|x86.ActiveCfg = Release|Any CPU
		{61BE3435-C297-494B-8CB6-F6C3DE075D26}.Release|x86.Build.0 = Release|Any CPU
		{2E02C3DA-9868-4424-837A-882A5C1BE2D5}.Debug|Any CPU.ActiveCfg = Debug|Any CPU
		{2E02C3DA-9868-4424-837A-882A5C1BE2D5}.Debug|Any CPU.Build.0 = Debug|Any CPU
		{2E02C3DA-9868-4424-837A-882A5C1BE2D5}.Debug|x64.ActiveCfg = Debug|Any CPU
		{2E02C3DA-9868-4424-837A-882A5C1BE2D5}.Debug|x64.Build.0 = Debug|Any CPU
		{2E02C3DA-9868-4424-837A-882A5C1BE2D5}.Debug|x86.ActiveCfg = Debug|Any CPU
		{2E02C3DA-9868-4424-837A-882A5C1BE2D5}.Debug|x86.Build.0 = Debug|Any CPU
		{2E02C3DA-9868-4424-837A-882A5C1BE2D5}.Release|Any CPU.ActiveCfg = Release|Any CPU
		{2E02C3DA-9868-4424-837A-882A5C1BE2D5}.Release|Any CPU.Build.0 = Release|Any CPU
		{2E02C3DA-9868-4424-837A-882A5C1BE2D5}.Release|x64.ActiveCfg = Release|Any CPU
		{2E02C3DA-9868-4424-837A-882A5C1BE2D5}.Release|x64.Build.0 = Release|Any CPU
		{2E02C3DA-9868-4424-837A-882A5C1BE2D5}.Release|x86.ActiveCfg = Release|Any CPU
		{2E02C3DA-9868-4424-837A-882A5C1BE2D5}.Release|x86.Build.0 = Release|Any CPU
	EndGlobalSection
	GlobalSection(NestedProjects) = preSolution
		{61BE3435-C297-494B-8CB6-F6C3DE075D26} = {CD6E618C-F607-4276-9C66-EE98BEBEA89D}
		{2E02C3DA-9868-4424-837A-882A5C1BE2D5} = {013EF066-0B12-425F-86FB-AE1BE67ADE1D}
	EndGlobalSection
EndGlobal
